
Microsoft Visual Studio Solution File, Format Version 12.00
# Visual Studio Version 17
VisualStudioVersion = 17.0.31912.275
MinimumVisualStudioVersion = 10.0.40219.1
Project("{9A19103F-16F7-4668-BE54-9A1E7A4F7556}") = "InterlockLedger.Tags.ILInt", "InterlockLedger.Tags.ILInt\InterlockLedger.Tags.ILInt.csproj", "{8D437EA5-9C09-45B4-BBAD-54B7283320ED}"
EndProject
Project("{9A19103F-16F7-4668-BE54-9A1E7A4F7556}") = "InterlockLedger.Tags.ILInt.UnitTests", "InterlockLedger.Tags.ILInt.UnitTests\InterlockLedger.Tags.ILInt.UnitTests.csproj", "{38E5230E-F162-413F-9772-B03311CC1826}"
EndProject
Project("{2150E333-8FDC-42A3-9474-1A3956D46DE8}") = "Solution Items", "Solution Items", "{4C03C639-19BD-4AB2-8D19-EA3DE228703C}"
	ProjectSection(SolutionItems) = preProject
		.editorconfig = .editorconfig
		.gitattributes = .gitattributes
		.gitignore = .gitignore
		.nuget.config = .nuget.config
		.github\workflows\codeql-analysis.yml = .github\workflows\codeql-analysis.yml
		.github\workflows\dotnetcore.yml = .github\workflows\dotnetcore.yml
		LICENSE = LICENSE
		README.md = README.md
	EndProjectSection
EndProject
Global
	GlobalSection(SolutionConfigurationPlatforms) = preSolution
		Debug|Any CPU = Debug|Any CPU
		Release|Any CPU = Release|Any CPU
	EndGlobalSection
	GlobalSection(ProjectConfigurationPlatforms) = postSolution
		{8D437EA5-9C09-45B4-BBAD-54B7283320ED}.Debug|Any CPU.ActiveCfg = Debug|Any CPU
		{8D437EA5-9C09-45B4-BBAD-54B7283320ED}.Debug|Any CPU.Build.0 = Debug|Any CPU
		{8D437EA5-9C09-45B4-BBAD-54B7283320ED}.Release|Any CPU.ActiveCfg = Release|Any CPU
		{8D437EA5-9C09-45B4-BBAD-54B7283320ED}.Release|Any CPU.Build.0 = Release|Any CPU
		{38E5230E-F162-413F-9772-B03311CC1826}.Debug|Any CPU.ActiveCfg = Debug|Any CPU
		{38E5230E-F162-413F-9772-B03311CC1826}.Debug|Any CPU.Build.0 = Debug|Any CPU
		{38E5230E-F162-413F-9772-B03311CC1826}.Release|Any CPU.ActiveCfg = Release|Any CPU
		{38E5230E-F162-413F-9772-B03311CC1826}.Release|Any CPU.Build.0 = Release|Any CPU
	EndGlobalSection
	GlobalSection(SolutionProperties) = preSolution
		HideSolutionNode = FALSE
	EndGlobalSection
	GlobalSection(ExtensibilityGlobals) = postSolution
		SolutionGuid = {6F61442C-779C-4641-BA16-E3AD40B0ED5E}
	EndGlobalSection
EndGlobal
